# generated by rye
# use `rye lock` or `rye sync` to update this lockfile
#
# last locked with the following flags:
#   pre: false
#   features: []
#   all-features: false
#   with-sources: false
#   generate-hashes: false
#   universal: false

asgiref==3.8.1
    # via django
django==5.1
jinja2==3.1.4
markupsafe==2.1.5
    # via jinja2
sqlparse==0.5.1
    # via django
